
Microsoft Visual Studio Solution File, Format Version 12.00
# Visual Studio Version 16
VisualStudioVersion = 16.0.29215.179
MinimumVisualStudioVersion = 10.0.40219.1
Project("{2150E333-8FDC-42A3-9474-1A3956D46DE8}") = "1. Problem", "1. Problem", "{6A9E1BED-702E-40BF-AFCE-B7D16C91E98E}"
EndProject
Project("{9A19103F-16F7-4668-BE54-9A1E7A4F7556}") = "Problem", "1. Problem\Problem.csproj", "{3EF2A9F4-0DC7-4DB4-BE4A-DBCD285F37E4}"
EndProject
Project("{2150E333-8FDC-42A3-9474-1A3956D46DE8}") = "2. Problem with UnitTest", "2. Problem with UnitTest", "{CEC76069-191E-491B-978A-DF24AB4D83A5}"
EndProject
Project("{9A19103F-16F7-4668-BE54-9A1E7A4F7556}") = "Problem", "2. Problem with UnitTest\Problem\Problem.csproj", "{3D68596C-7761-4B11-96D5-B082F2C8727E}"
EndProject
Project("{9A19103F-16F7-4668-BE54-9A1E7A4F7556}") = "Problem.Tests", "2. Problem with UnitTest\Problem.Tests\Problem.Tests.csproj", "{FF78E6E4-2862-49F9-A4E3-7C929A2EB515}"
EndProject
Project("{2150E333-8FDC-42A3-9474-1A3956D46DE8}") = "3. Solution", "3. Solution", "{0EB54A2C-5F19-4ED3-B1F0-71361B39D992}"
EndProject
Project("{9A19103F-16F7-4668-BE54-9A1E7A4F7556}") = "Solution", "3. Solution\Solution\Solution.csproj", "{3AB69306-D719-41A2-8122-D1AE0F248E64}"
EndProject
Project("{2150E333-8FDC-42A3-9474-1A3956D46DE8}") = "4. Solution with UnitTest", "4. Solution with UnitTest", "{D7788171-CD57-428B-A620-DB8B1AABEA68}"
EndProject
Project("{9A19103F-16F7-4668-BE54-9A1E7A4F7556}") = "Solution", "4. Solution with UnitTest\Solution\Solution.csproj", "{0E5B866A-CFE7-4F47-A2F9-583AC9C1E0E7}"
EndProject
Project("{9A19103F-16F7-4668-BE54-9A1E7A4F7556}") = "Solution.Tests", "4. Solution with UnitTest\Solution.Tests\Solution.Tests.csproj", "{1EB90A77-7552-44A1-93A8-B10D33EFF412}"
EndProject
Global
	GlobalSection(SolutionConfigurationPlatforms) = preSolution
		Debug|Any CPU = Debug|Any CPU
		Release|Any CPU = Release|Any CPU
	EndGlobalSection
	GlobalSection(ProjectConfigurationPlatforms) = postSolution
		{3EF2A9F4-0DC7-4DB4-BE4A-DBCD285F37E4}.Debug|Any CPU.ActiveCfg = Debug|Any CPU
		{3EF2A9F4-0DC7-4DB4-BE4A-DBCD285F37E4}.Debug|Any CPU.Build.0 = Debug|Any CPU
		{3EF2A9F4-0DC7-4DB4-BE4A-DBCD285F37E4}.Release|Any CPU.ActiveCfg = Release|Any CPU
		{3EF2A9F4-0DC7-4DB4-BE4A-DBCD285F37E4}.Release|Any CPU.Build.0 = Release|Any CPU
		{3D68596C-7761-4B11-96D5-B082F2C8727E}.Debug|Any CPU.ActiveCfg = Debug|Any CPU
		{3D68596C-7761-4B11-96D5-B082F2C8727E}.Debug|Any CPU.Build.0 = Debug|Any CPU
		{3D68596C-7761-4B11-96D5-B082F2C8727E}.Release|Any CPU.ActiveCfg = Release|Any CPU
		{3D68596C-7761-4B11-96D5-B082F2C8727E}.Release|Any CPU.Build.0 = Release|Any CPU
		{FF78E6E4-2862-49F9-A4E3-7C929A2EB515}.Debug|Any CPU.ActiveCfg = Debug|Any CPU
		{FF78E6E4-2862-49F9-A4E3-7C929A2EB515}.Debug|Any CPU.Build.0 = Debug|Any CPU
		{FF78E6E4-2862-49F9-A4E3-7C929A2EB515}.Release|Any CPU.ActiveCfg = Release|Any CPU
		{FF78E6E4-2862-49F9-A4E3-7C929A2EB515}.Release|Any CPU.Build.0 = Release|Any CPU
		{3AB69306-D719-41A2-8122-D1AE0F248E64}.Debug|Any CPU.ActiveCfg = Debug|Any CPU
		{3AB69306-D719-41A2-8122-D1AE0F248E64}.Debug|Any CPU.Build.0 = Debug|Any CPU
		{3AB69306-D719-41A2-8122-D1AE0F248E64}.Release|Any CPU.ActiveCfg = Release|Any CPU
		{3AB69306-D719-41A2-8122-D1AE0F248E64}.Release|Any CPU.Build.0 = Release|Any CPU
		{0E5B866A-CFE7-4F47-A2F9-583AC9C1E0E7}.Debug|Any CPU.ActiveCfg = Debug|Any CPU
		{0E5B866A-CFE7-4F47-A2F9-583AC9C1E0E7}.Debug|Any CPU.Build.0 = Debug|Any CPU
		{0E5B866A-CFE7-4F47-A2F9-583AC9C1E0E7}.Release|Any CPU.ActiveCfg = Release|Any CPU
		{0E5B866A-CFE7-4F47-A2F9-583AC9C1E0E7}.Release|Any CPU.Build.0 = Release|Any CPU
		{1EB90A77-7552-44A1-93A8-B10D33EFF412}.Debug|Any CPU.ActiveCfg = Debug|Any CPU
		{1EB90A77-7552-44A1-93A8-B10D33EFF412}.Debug|Any CPU.Build.0 = Debug|Any CPU
		{1EB90A77-7552-44A1-93A8-B10D33EFF412}.Release|Any CPU.ActiveCfg = Release|Any CPU
		{1EB90A77-7552-44A1-93A8-B10D33EFF412}.Release|Any CPU.Build.0 = Release|Any CPU
	EndGlobalSection
	GlobalSection(SolutionProperties) = preSolution
		HideSolutionNode = FALSE
	EndGlobalSection
	GlobalSection(NestedProjects) = preSolution
		{3EF2A9F4-0DC7-4DB4-BE4A-DBCD285F37E4} = {6A9E1BED-702E-40BF-AFCE-B7D16C91E98E}
		{3D68596C-7761-4B11-96D5-B082F2C8727E} = {CEC76069-191E-491B-978A-DF24AB4D83A5}
		{FF78E6E4-2862-49F9-A4E3-7C929A2EB515} = {CEC76069-191E-491B-978A-DF24AB4D83A5}
		{3AB69306-D719-41A2-8122-D1AE0F248E64} = {0EB54A2C-5F19-4ED3-B1F0-71361B39D992}
		{0E5B866A-CFE7-4F47-A2F9-583AC9C1E0E7} = {D7788171-CD57-428B-A620-DB8B1AABEA68}
		{1EB90A77-7552-44A1-93A8-B10D33EFF412} = {D7788171-CD57-428B-A620-DB8B1AABEA68}
	EndGlobalSection
	GlobalSection(ExtensibilityGlobals) = postSolution
		SolutionGuid = {F356EA32-1E8C-4D8F-B8BD-E7C1E942D949}
	EndGlobalSection
EndGlobal
